
Microsoft Visual Studio Solution File, Format Version 12.00
# Visual Studio Version 17
VisualStudioVersion = 17.7.34031.279
MinimumVisualStudioVersion = 10.0.40219.1
Project("{8BC9CEB8-8B4A-11D0-8D11-00A0C91BC942}") = "Clase 1", "Clase 1\Clase 1.vcxproj", "{BC49BCFB-4FE1-4095-A6E4-9B2215A566AA}"
EndProject
Global
	GlobalSection(SolutionConfigurationPlatforms) = preSolution
		Debug|x64 = Debug|x64
		Debug|x86 = Debug|x86
		Release|x64 = Release|x64
		Release|x86 = Release|x86
	EndGlobalSection
	GlobalSection(ProjectConfigurationPlatforms) = postSolution
		{BC49BCFB-4FE1-4095-A6E4-9B2215A566AA}.Debug|x64.ActiveCfg = Debug|x64
		{BC49BCFB-4FE1-4095-A6E4-9B2215A566AA}.Debug|x64.Build.0 = Debug|x64
		{BC49BCFB-4FE1-4095-A6E4-9B2215A566AA}.Debug|x86.ActiveCfg = Debug|Win32
		{BC49BCFB-4FE1-4095-A6E4-9B2215A566AA}.Debug|x86.Build.0 = Debug|Win32
		{BC49BCFB-4FE1-4095-A6E4-9B2215A566AA}.Release|x64.ActiveCfg = Release|x64
		{BC49BCFB-4FE1-4095-A6E4-9B2215A566AA}.Release|x64.Build.0 = Release|x64
		{BC49BCFB-4FE1-4095-A6E4-9B2215A566AA}.Release|x86.ActiveCfg = Release|Win32
		{BC49BCFB-4FE1-4095-A6E4-9B2215A566AA}.Release|x86.Build.0 = Release|Win32
	EndGlobalSection
	GlobalSection(SolutionProperties) = preSolution
		HideSolutionNode = FALSE
	EndGlobalSection
	GlobalSection(ExtensibilityGlobals) = postSolution
		SolutionGuid = {95ABDAF4-0978-43D7-848C-9071EFDC1622}
	EndGlobalSection
EndGlobal
